{
  "name": "outhadsearch-sdk-examples",
  "version": "1.0.0",
  "lockfileVersion": 3,
  "requires": true,
  "packages": {
    "": {
      "name": "outhadsearch-sdk-examples",
      "version": "1.0.0",
      "license": "MIT",
      "dependencies": {
        "outhadsearch-sdk-js": "^0.1.1"
      }
    },
    "node_modules/outhadsearch-sdk-js": {
      "version": "0.1.1",
      "resolved": "https://registry.npmjs.org/outhadsearch-sdk-js/-/outhadsearch-sdk-js-0.1.1.tgz",
      "integrity": "sha512-fzpzXoQawnU0ZN3EQ1c9evgOZjUwPBaz6408WOkUio1WTD0hx4BK/OExnDzCTeZ3/dsOh/OBWqIuoXzjqWTLPA==",
      "hasInstallScript": true,
      "workspaces": [
        "packages/*"
      ],
      "bin": {
        "outhadsearch": "packages/cli/bin/cli.js"
      }
    }
  }
}
